// !$*UTF8*$!
{
	archiveVersion = 1;
	classes = {
	};
	objectVersion = 46;
	objects = {

/* Begin PBXBuildFile section */
		2C0131441F16521500C8A223 /* AppDelegate.swift in Sources */ = {isa = PBXBuildFile; fileRef = 2C0131431F16521500C8A223 /* AppDelegate.swift */; };
		2C0131461F16521500C8A223 /* ViewController.swift in Sources */ = {isa = PBXBuildFile; fileRef = 2C0131451F16521500C8A223 /* ViewController.swift */; };
		2C0131491F16521500C8A223 /* Main.storyboard in Resources */ = {isa = PBXBuildFile; fileRef = 2C0131471F16521500C8A223 /* Main.storyboard */; };
		2C01314B1F16521500C8A223 /* Assets.xcassets in Resources */ = {isa = PBXBuildFile; fileRef = 2C01314A1F16521500C8A223 /* Assets.xcassets */; };
		2C01314E1F16521500C8A223 /* LaunchScreen.storyboard in Resources */ = {isa = PBXBuildFile; fileRef = 2C01314C1F16521500C8A223 /* LaunchScreen.storyboard */; };
		2C01315D1F1662D700C8A223 /* SQLite.framework in Frameworks */ = {isa = PBXBuildFile; fileRef = 2C01315B1F1662B900C8A223 /* SQLite.framework */; };
		2C01315E1F1662D700C8A223 /* SQLite.framework in Embed Frameworks */ = {isa = PBXBuildFile; fileRef = 2C01315B1F1662B900C8A223 /* SQLite.framework */; settings = {ATTRIBUTES = (CodeSignOnCopy, RemoveHeadersOnCopy, ); }; };
		2C0131611F16669A00C8A223 /* DatabaseManager.swift in Sources */ = {isa = PBXBuildFile; fileRef = 2C0131601F16669A00C8A223 /* DatabaseManager.swift */; };
		2C0131631F16BAA000C8A223 /* StreamReader.swift in Sources */ = {isa = PBXBuildFile; fileRef = 2C0131621F16BAA000C8A223 /* StreamReader.swift */; };
		EAA85E92F9DD665B8DD200A8 /* Pods_WealthTrustLogger.framework in Frameworks */ = {isa = PBXBuildFile; fileRef = 6D42DC799E95AADCF85EB606 /* Pods_WealthTrustLogger.framework */; };
/* End PBXBuildFile section */

/* Begin PBXCopyFilesBuildPhase section */
		2C01315F1F1662D700C8A223 /* Embed Frameworks */ = {
			isa = PBXCopyFilesBuildPhase;
			buildActionMask = 2147483647;
			dstPath = "";
			dstSubfolderSpec = 10;
			files = (
				2C01315E1F1662D700C8A223 /* SQLite.framework in Embed Frameworks */,
			);
			name = "Embed Frameworks";
			runOnlyForDeploymentPostprocessing = 0;
		};
/* End PBXCopyFilesBuildPhase section */

/* Begin PBXFileReference section */
		2C0131401F16521500C8A223 /* WealthTrustLogger.app */ = {isa = PBXFileReference; explicitFileType = wrapper.application; includeInIndex = 0; path = WealthTrustLogger.app; sourceTree = BUILT_PRODUCTS_DIR; };
		2C0131431F16521500C8A223 /* AppDelegate.swift */ = {isa = PBXFileReference; lastKnownFileType = sourcecode.swift; path = AppDelegate.swift; sourceTree = "<group>"; };
		2C0131451F16521500C8A223 /* ViewController.swift */ = {isa = PBXFileReference; lastKnownFileType = sourcecode.swift; path = ViewController.swift; sourceTree = "<group>"; };
		2C0131481F16521500C8A223 /* Base */ = {isa = PBXFileReference; lastKnownFileType = file.storyboard; name = Base; path = Base.lproj/Main.storyboard; sourceTree = "<group>"; };
		2C01314A1F16521500C8A223 /* Assets.xcassets */ = {isa = PBXFileReference; lastKnownFileType = folder.assetcatalog; path = Assets.xcassets; sourceTree = "<group>"; };
		2C01314D1F16521500C8A223 /* Base */ = {isa = PBXFileReference; lastKnownFileType = file.storyboard; name = Base; path = Base.lproj/LaunchScreen.storyboard; sourceTree = "<group>"; };
		2C01314F1F16521500C8A223 /* Info.plist */ = {isa = PBXFileReference; lastKnownFileType = text.plist.xml; path = Info.plist; sourceTree = "<group>"; };
		2C0131551F1661A100C8A223 /* SQLite.framework */ = {isa = PBXFileReference; lastKnownFileType = wrapper.framework; name = SQLite.framework; path = "Pods/../build/Debug-iphoneos/SQLite.swift/SQLite.framework"; sourceTree = "<group>"; };
		2C0131571F1661A900C8A223 /* SQLite.framework */ = {isa = PBXFileReference; explicitFileType = wrapper.framework; path = SQLite.framework; sourceTree = BUILT_PRODUCTS_DIR; };
		2C01315B1F1662B900C8A223 /* SQLite.framework */ = {isa = PBXFileReference; lastKnownFileType = wrapper.framework; name = SQLite.framework; path = "../../Library/Developer/Xcode/DerivedData/WealthTrustLogger-glttqckfubjofrdikzrxiezlxwme/Build/Products/Debug-iphonesimulator/SQLite.swift/SQLite.framework"; sourceTree = "<group>"; };
		2C0131601F16669A00C8A223 /* DatabaseManager.swift */ = {isa = PBXFileReference; fileEncoding = 4; lastKnownFileType = sourcecode.swift; path = DatabaseManager.swift; sourceTree = "<group>"; };
		2C0131621F16BAA000C8A223 /* StreamReader.swift */ = {isa = PBXFileReference; fileEncoding = 4; lastKnownFileType = sourcecode.swift; name = StreamReader.swift; path = ../StreamReader.swift; sourceTree = "<group>"; };
		6D42DC799E95AADCF85EB606 /* Pods_WealthTrustLogger.framework */ = {isa = PBXFileReference; explicitFileType = wrapper.framework; includeInIndex = 0; path = Pods_WealthTrustLogger.framework; sourceTree = BUILT_PRODUCTS_DIR; };
		BE5E1A9F39B3924AA0A632EE /* Pods-WealthTrustLogger.release.xcconfig */ = {isa = PBXFileReference; includeInIndex = 1; lastKnownFileType = text.xcconfig; name = "Pods-WealthTrustLogger.release.xcconfig"; path = "Pods/Target Support Files/Pods-WealthTrustLogger/Pods-WealthTrustLogger.release.xcconfig"; sourceTree = "<group>"; };
		C16E631FF37056E70B8157EA /* Pods-WealthTrustLogger.debug.xcconfig */ = {isa = PBXFileReference; includeInIndex = 1; lastKnownFileType = text.xcconfig; name = "Pods-WealthTrustLogger.debug.xcconfig"; path = "Pods/Target Support Files/Pods-WealthTrustLogger/Pods-WealthTrustLogger.debug.xcconfig"; sourceTree = "<group>"; };
/* End PBXFileReference section */

/* Begin PBXFrameworksBuildPhase section */
		2C01313D1F16521500C8A223 /* Frameworks */ = {
			isa = PBXFrameworksBuildPhase;
			buildActionMask = 2147483647;
			files = (
				EAA85E92F9DD665B8DD200A8 /* Pods_WealthTrustLogger.framework in Frameworks */,
				2C01315D1F1662D700C8A223 /* SQLite.framework in Frameworks */,
			);
			runOnlyForDeploymentPostprocessing = 0;
		};
/* End PBXFrameworksBuildPhase section */

/* Begin PBXGroup section */
		216E09C43361E3148606A7DD /* Frameworks */ = {
			isa = PBXGroup;
			children = (
				2C01315B1F1662B900C8A223 /* SQLite.framework */,
				2C0131551F1661A100C8A223 /* SQLite.framework */,
				6D42DC799E95AADCF85EB606 /* Pods_WealthTrustLogger.framework */,
			);
			name = Frameworks;
			sourceTree = "<group>";
		};
		2C0131371F16521500C8A223 = {
			isa = PBXGroup;
			children = (
				2C0131571F1661A900C8A223 /* SQLite.framework */,
				2C0131421F16521500C8A223 /* WealthTrustLogger */,
				2C0131411F16521500C8A223 /* Products */,
				BFEDE3A011D03B80D62B13EC /* Pods */,
				216E09C43361E3148606A7DD /* Frameworks */,
			);
			sourceTree = "<group>";
		};
		2C0131411F16521500C8A223 /* Products */ = {
			isa = PBXGroup;
			children = (
				2C0131401F16521500C8A223 /* WealthTrustLogger.app */,
			);
			name = Products;
			sourceTree = "<group>";
		};
		2C0131421F16521500C8A223 /* WealthTrustLogger */ = {
			isa = PBXGroup;
			children = (
				2C0131451F16521500C8A223 /* ViewController.swift */,
				2C0131621F16BAA000C8A223 /* StreamReader.swift */,
				2C0131601F16669A00C8A223 /* DatabaseManager.swift */,
				2C0131471F16521500C8A223 /* Main.storyboard */,
				2C01314A1F16521500C8A223 /* Assets.xcassets */,
				2C0131431F16521500C8A223 /* AppDelegate.swift */,
				2C01314C1F16521500C8A223 /* LaunchScreen.storyboard */,
				2C01314F1F16521500C8A223 /* Info.plist */,
			);
			path = WealthTrustLogger;
			sourceTree = "<group>";
		};
		BFEDE3A011D03B80D62B13EC /* Pods */ = {
			isa = PBXGroup;
			children = (
				C16E631FF37056E70B8157EA /* Pods-WealthTrustLogger.debug.xcconfig */,
				BE5E1A9F39B3924AA0A632EE /* Pods-WealthTrustLogger.release.xcconfig */,
			);
			name = Pods;
			sourceTree = "<group>";
		};
/* End PBXGroup section */

/* Begin PBXNativeTarget section */
		2C01313F1F16521500C8A223 /* WealthTrustLogger */ = {
			isa = PBXNativeTarget;
			buildConfigurationList = 2C0131521F16521500C8A223 /* Build configuration list for PBXNativeTarget "WealthTrustLogger" */;
			buildPhases = (
				529E82F8E2D64160D048A024 /* [CP] Check Pods Manifest.lock */,
				2C01313C1F16521500C8A223 /* Sources */,
				2C01313D1F16521500C8A223 /* Frameworks */,
				2C01313E1F16521500C8A223 /* Resources */,
				5749B047FA3DB8EFA8BBB1F6 /* [CP] Embed Pods Frameworks */,
				E16E58267D85EA47138EEDDF /* [CP] Copy Pods Resources */,
				2C01315F1F1662D700C8A223 /* Embed Frameworks */,
			);
			buildRules = (
			);
			dependencies = (
			);
			name = WealthTrustLogger;
			productName = WealthTrustLogger;
			productReference = 2C0131401F16521500C8A223 /* WealthTrustLogger.app */;
			productType = "com.apple.product-type.application";
		};
/* End PBXNativeTarget section */

/* Begin PBXProject section */
		2C0131381F16521500C8A223 /* Project object */ = {
			isa = PBXProject;
			attributes = {
				LastSwiftUpdateCheck = 0820;
				LastUpgradeCheck = 0820;
				ORGANIZATIONNAME = learner;
				TargetAttributes = {
					2C01313F1F16521500C8A223 = {
						CreatedOnToolsVersion = 8.2.1;
						DevelopmentTeam = MAE8N39LCC;
						ProvisioningStyle = Automatic;
					};
				};
			};
			buildConfigurationList = 2C01313B1F16521500C8A223 /* Build configuration list for PBXProject "WealthTrustLogger" */;
			compatibilityVersion = "Xcode 3.2";
			developmentRegion = English;
			hasScannedForEncodings = 0;
			knownRegions = (
				en,
				Base,
			);
			mainGroup = 2C0131371F16521500C8A223;
			productRefGroup = 2C0131411F16521500C8A223 /* Products */;
			projectDirPath = "";
			projectRoot = "";
			targets = (
				2C01313F1F16521500C8A223 /* WealthTrustLogger */,
			);
		};
/* End PBXProject section */

/* Begin PBXResourcesBuildPhase section */
		2C01313E1F16521500C8A223 /* Resources */ = {
			isa = PBXResourcesBuildPhase;
			buildActionMask = 2147483647;
			files = (
				2C01314E1F16521500C8A223 /* LaunchScreen.storyboard in Resources */,
				2C01314B1F16521500C8A223 /* Assets.xcassets in Resources */,
				2C0131491F16521500C8A223 /* Main.storyboard in Resources */,
			);
			runOnlyForDeploymentPostprocessing = 0;
		};
/* End PBXResourcesBuildPhase section */

/* Begin PBXShellScriptBuildPhase section */
		529E82F8E2D64160D048A024 /* [CP] Check Pods Manifest.lock */ = {
			isa = PBXShellScriptBuildPhase;
			buildActionMask = 2147483647;
			files = (
			);
			inputPaths = (
			);
			name = "[CP] Check Pods Manifest.lock";
			outputPaths = (
			);
			runOnlyForDeploymentPostprocessing = 0;
			shellPath = /bin/sh;
			shellScript = "diff \"${PODS_ROOT}/../Podfile.lock\" \"${PODS_ROOT}/Manifest.lock\" > /dev/null\nif [[ $? != 0 ]] ; then\n    cat << EOM\nerror: The sandbox is not in sync with the Podfile.lock. Run 'pod install' or update your CocoaPods installation.\nEOM\n    exit 1\nfi\n";
			showEnvVarsInLog = 0;
		};
		5749B047FA3DB8EFA8BBB1F6 /* [CP] Embed Pods Frameworks */ = {
			isa = PBXShellScriptBuildPhase;
			buildActionMask = 2147483647;
			files = (
			);
			inputPaths = (
			);
			name = "[CP] Embed Pods Frameworks";
			outputPaths = (
			);
			runOnlyForDeploymentPostprocessing = 0;
			shellPath = /bin/sh;
			shellScript = "\"${SRCROOT}/Pods/Target Support Files/Pods-WealthTrustLogger/Pods-WealthTrustLogger-frameworks.sh\"\n";
			showEnvVarsInLog = 0;
		};
		E16E58267D85EA47138EEDDF /* [CP] Copy Pods Resources */ = {
			isa = PBXShellScriptBuildPhase;
			buildActionMask = 2147483647;
			files = (
			);
			inputPaths = (
			);
			name = "[CP] Copy Pods Resources";
			outputPaths = (
			);
			runOnlyForDeploymentPostprocessing = 0;
			shellPath = /bin/sh;
			shellScript = "\"${SRCROOT}/Pods/Target Support Files/Pods-WealthTrustLogger/Pods-WealthTrustLogger-resources.sh\"\n";
			showEnvVarsInLog = 0;
		};
/* End PBXShellScriptBuildPhase section */

/* Begin PBXSourcesBuildPhase section */
		2C01313C1F16521500C8A223 /* Sources */ = {
			isa = PBXSourcesBuildPhase;
			buildActionMask = 2147483647;
			files = (
				2C0131631F16BAA000C8A223 /* StreamReader.swift in Sources */,
				2C0131461F16521500C8A223 /* ViewController.swift in Sources */,
				2C0131441F16521500C8A223 /* AppDelegate.swift in Sources */,
				2C0131611F16669A00C8A223 /* DatabaseManager.swift in Sources */,
			);
			runOnlyForDeploymentPostprocessing = 0;
		};
/* End PBXSourcesBuildPhase section */

/* Begin PBXVariantGroup section */
		2C0131471F16521500C8A223 /* Main.storyboard */ = {
			isa = PBXVariantGroup;
			children = (
				2C0131481F16521500C8A223 /* Base */,
			);
			name = Main.storyboard;
			sourceTree = "<group>";
		};
		2C01314C1F16521500C8A223 /* LaunchScreen.storyboard */ = {
			isa = PBXVariantGroup;
			children = (
				2C01314D1F16521500C8A223 /* Base */,
			);
			name = LaunchScreen.storyboard;
			sourceTree = "<group>";
		};
/* End PBXVariantGroup section */

/* Begin XCBuildConfiguration section */
		2C0131501F16521500C8A223 /* Debug */ = {
			isa = XCBuildConfiguration;
			buildSettings = {
				ALWAYS_SEARCH_USER_PATHS = NO;
				CLANG_ANALYZER_NONNULL = YES;
				CLANG_CXX_LANGUAGE_STANDARD = "gnu++0x";
				CLANG_CXX_LIBRARY = "libc++";
				CLANG_ENABLE_MODULES = YES;
				CLANG_ENABLE_OBJC_ARC = YES;
				CLANG_WARN_BOOL_CONVERSION = YES;
				CLANG_WARN_CONSTANT_CONVERSION = YES;
				CLANG_WARN_DIRECT_OBJC_ISA_USAGE = YES_ERROR;
				CLANG_WARN_DOCUMENTATION_COMMENTS = YES;
				CLANG_WARN_EMPTY_BODY = YES;
				CLANG_WARN_ENUM_CONVERSION = YES;
				CLANG_WARN_INFINITE_RECURSION = YES;
				CLANG_WARN_INT_CONVERSION = YES;
				CLANG_WARN_OBJC_ROOT_CLASS = YES_ERROR;
				CLANG_WARN_SUSPICIOUS_MOVE = YES;
				CLANG_WARN_UNREACHABLE_CODE = YES;
				CLANG_WARN__DUPLICATE_METHOD_MATCH = YES;
				"CODE_SIGN_IDENTITY[sdk=iphoneos*]" = "iPhone Developer";
				COPY_PHASE_STRIP = NO;
				DEBUG_INFORMATION_FORMAT = dwarf;
				ENABLE_STRICT_OBJC_MSGSEND = YES;
				ENABLE_TESTABILITY = YES;
				GCC_C_LANGUAGE_STANDARD = gnu99;
				GCC_DYNAMIC_NO_PIC = NO;
				GCC_NO_COMMON_BLOCKS = YES;
				GCC_OPTIMIZATION_LEVEL = 0;
				GCC_PREPROCESSOR_DEFINITIONS = (
					"DEBUG=1",
					"$(inherited)",
				);
				GCC_WARN_64_TO_32_BIT_CONVERSION = YES;
				GCC_WARN_ABOUT_RETURN_TYPE = YES_ERROR;
				GCC_WARN_UNDECLARED_SELECTOR = YES;
				GCC_WARN_UNINITIALIZED_AUTOS = YES_AGGRESSIVE;
				GCC_WARN_UNUSED_FUNCTION = YES;
				GCC_WARN_UNUSED_VARIABLE = YES;
				IPHONEOS_DEPLOYMENT_TARGET = 10.2;
				MTL_ENABLE_DEBUG_INFO = YES;
				ONLY_ACTIVE_ARCH = YES;
				SDKROOT = iphoneos;
				SWIFT_ACTIVE_COMPILATION_CONDITIONS = DEBUG;
				SWIFT_OPTIMIZATION_LEVEL = "-Onone";
				TARGETED_DEVICE_FAMILY = "1,2";
			};
			name = Debug;
		};
		2C0131511F16521500C8A223 /* Release */ = {
			isa = XCBuildConfiguration;
			buildSettings = {
				ALWAYS_SEARCH_USER_PATHS = NO;
				CLANG_ANALYZER_NONNULL = YES;
				CLANG_CXX_LANGUAGE_STANDARD = "gnu++0x";
				CLANG_CXX_LIBRARY = "libc++";
				CLANG_ENABLE_MODULES = YES;
				CLANG_ENABLE_OBJC_ARC = YES;
				CLANG_WARN_BOOL_CONVERSION = YES;
				CLANG_WARN_CONSTANT_CONVERSION = YES;
				CLANG_WARN_DIRECT_OBJC_ISA_USAGE = YES_ERROR;
				CLANG_WARN_DOCUMENTATION_COMMENTS = YES;
				CLANG_WARN_EMPTY_BODY = YES;
				CLANG_WARN_ENUM_CONVERSION = YES;
				CLANG_WARN_INFINITE_RECURSION = YES;
				CLANG_WARN_INT_CONVERSION = YES;
				CLANG_WARN_OBJC_ROOT_CLASS = YES_ERROR;
				CLANG_WARN_SUSPICIOUS_MOVE = YES;
				CLANG_WARN_UNREACHABLE_CODE = YES;
				CLANG_WARN__DUPLICATE_METHOD_MATCH = YES;
				"CODE_SIGN_IDENTITY[sdk=iphoneos*]" = "iPhone Developer";
				COPY_PHASE_STRIP = NO;
				DEBUG_INFORMATION_FORMAT = "dwarf-with-dsym";
				ENABLE_NS_ASSERTIONS = NO;
				ENABLE_STRICT_OBJC_MSGSEND = YES;
				GCC_C_LANGUAGE_STANDARD = gnu99;
				GCC_NO_COMMON_BLOCKS = YES;
				GCC_WARN_64_TO_32_BIT_CONVERSION = YES;
				GCC_WARN_ABOUT_RETURN_TYPE = YES_ERROR;
				GCC_WARN_UNDECLARED_SELECTOR = YES;
				GCC_WARN_UNINITIALIZED_AUTOS = YES_AGGRESSIVE;
				GCC_WARN_UNUSED_FUNCTION = YES;
				GCC_WARN_UNUSED_VARIABLE = YES;
				IPHONEOS_DEPLOYMENT_TARGET = 10.2;
				MTL_ENABLE_DEBUG_INFO = NO;
				SDKROOT = iphoneos;
				SWIFT_OPTIMIZATION_LEVEL = "-Owholemodule";
				TARGETED_DEVICE_FAMILY = "1,2";
				VALIDATE_PRODUCT = YES;
			};
			name = Release;
		};
		2C0131531F16521500C8A223 /* Debug */ = {
			isa = XCBuildConfiguration;
			baseConfigurationReference = C16E631FF37056E70B8157EA /* Pods-WealthTrustLogger.debug.xcconfig */;
			buildSettings = {
				ASSETCATALOG_COMPILER_APPICON_NAME = AppIcon;
				DEVELOPMENT_TEAM = MAE8N39LCC;
				FRAMEWORK_SEARCH_PATHS = (
					"$(inherited)",
					"$(PROJECT_DIR)/build/Debug-iphoneos/SQLite.swift",
				);
				INFOPLIST_FILE = WealthTrustLogger/Info.plist;
				LD_RUNPATH_SEARCH_PATHS = "$(inherited) @executable_path/Frameworks";
				PRODUCT_BUNDLE_IDENTIFIER = com.learner.WealthTrustLogger;
				PRODUCT_NAME = "$(TARGET_NAME)";
				SWIFT_VERSION = 3.0;
			};
			name = Debug;
		};
		2C0131541F16521500C8A223 /* Release */ = {
			isa = XCBuildConfiguration;
			baseConfigurationReference = BE5E1A9F39B3924AA0A632EE /* Pods-WealthTrustLogger.release.xcconfig */;
			buildSettings = {
				ASSETCATALOG_COMPILER_APPICON_NAME = AppIcon;
				DEVELOPMENT_TEAM = MAE8N39LCC;
				FRAMEWORK_SEARCH_PATHS = (
					"$(inherited)",
					"$(PROJECT_DIR)/build/Debug-iphoneos/SQLite.swift",
				);
				INFOPLIST_FILE = WealthTrustLogger/Info.plist;
				LD_RUNPATH_SEARCH_PATHS = "$(inherited) @executable_path/Frameworks";
				PRODUCT_BUNDLE_IDENTIFIER = com.learner.WealthTrustLogger;
				PRODUCT_NAME = "$(TARGET_NAME)";
				SWIFT_VERSION = 3.0;
			};
			name = Release;
		};
/* End XCBuildConfiguration section */

/* Begin XCConfigurationList section */
		2C01313B1F16521500C8A223 /* Build configuration list for PBXProject "WealthTrustLogger" */ = {
			isa = XCConfigurationList;
			buildConfigurations = (
				2C0131501F16521500C8A223 /* Debug */,
				2C0131511F16521500C8A223 /* Release */,
			);
			defaultConfigurationIsVisible = 0;
			defaultConfigurationName = Release;
		};
		2C0131521F16521500C8A223 /* Build configuration list for PBXNativeTarget "WealthTrustLogger" */ = {
			isa = XCConfigurationList;
			buildConfigurations = (
				2C0131531F16521500C8A223 /* Debug */,
				2C0131541F16521500C8A223 /* Release */,
			);
			defaultConfigurationIsVisible = 0;
			defaultConfigurationName = Release;
		};
/* End XCConfigurationList section */
	};
	rootObject = 2C0131381F16521500C8A223 /* Project object */;
}
